
Microsoft Visual Studio Solution File, Format Version 12.00
# Visual Studio Version 17
VisualStudioVersion = 17.6.33815.320
MinimumVisualStudioVersion = 10.0.40219.1
Project("{FAE04EC0-301F-11D3-BF4B-00C04F79EFBC}") = "CustomerApi", "CustomerApi\CustomerApi.csproj", "{62B8DF21-AF93-49D3-9744-D669493FBAE1}"
EndProject
Global
	GlobalSection(SolutionConfigurationPlatforms) = preSolution
		Debug|Any CPU = Debug|Any CPU
		Release|Any CPU = Release|Any CPU
	EndGlobalSection
	GlobalSection(ProjectConfigurationPlatforms) = postSolution
		{62B8DF21-AF93-49D3-9744-D669493FBAE1}.Debug|Any CPU.ActiveCfg = Debug|Any CPU
		{62B8DF21-AF93-49D3-9744-D669493FBAE1}.Debug|Any CPU.Build.0 = Debug|Any CPU
		{62B8DF21-AF93-49D3-9744-D669493FBAE1}.Release|Any CPU.ActiveCfg = Release|Any CPU
		{62B8DF21-AF93-49D3-9744-D669493FBAE1}.Release|Any CPU.Build.0 = Release|Any CPU
	EndGlobalSection
	GlobalSection(SolutionProperties) = preSolution
		HideSolutionNode = FALSE
	EndGlobalSection
	GlobalSection(ExtensibilityGlobals) = postSolution
		SolutionGuid = {96B8D9DD-D983-444C-9FCB-3530CD51E8DE}
	EndGlobalSection
EndGlobal
